%{
  "decimal": {:hex, :decimal, "2.0.0", "a78296e617b0f5dd4c6caf57c714431347912ffb1d0842e998e9792b5642d697", [:mix], [], "hexpm", "34666e9c55dea81013e77d9d87370fe6cb6291d1ef32f46a1600230b1d44f577"},
  "doctor": {:hex, :doctor, "0.21.0", "20ef89355c67778e206225fe74913e96141c4d001cb04efdeba1a2a9704f1ab5", [:mix], [{:decimal, "~> 2.0", [hex: :decimal, repo: "hexpm", optional: false]}], "hexpm", "a227831daa79784eb24cdeedfa403c46a4cb7d0eab0e31232ec654314447e4e0"},
  "interceptor": {:hex, :interceptor, "0.5.4", "158e019413439714306d52ff5189533b1236ab776b6f7a1ce63ace079f84867c", [:mix], [], "hexpm", "a4fa78a73199832222c4bb47c57e5b7384f7b49d43c09a57c6e731086f219f95"},
}
