{
  "name": "assets",
  "lockfileVersion": 2,
  "requires": true,
  "packages": {
    "": {
      "dependencies": {
        "lodash": "^4.17.21",
        "snabbdom": "^3.1.0"
      }
    },
    "node_modules/lodash": {
      "version": "4.17.21",
      "resolved": "https://registry.npmjs.org/lodash/-/lodash-4.17.21.tgz",
      "integrity": "sha512-v2kDEe57lecTulaDIuNTPy3Ry4gLGJ6Z1O3vE1krgXZNrsQ+LFTGHVxVjcXPs17LhbZVGedAJv8XZ1tvj5FvSg=="
    },
    "node_modules/snabbdom": {
      "version": "3.1.0",
      "resolved": "https://registry.npmjs.org/snabbdom/-/snabbdom-3.1.0.tgz",
      "integrity": "sha512-mcmPJMMKbkkPDPeCQ5D7RzqMHlLUyjl+OxOGblsutkzDbuYijCQGBOWJInjnWZ85DtoHdElrDTjA9g85s2YQ5Q==",
      "engines": {
        "node": ">=8.3.0"
      }
    }
  },
  "dependencies": {
    "lodash": {
      "version": "4.17.21",
      "resolved": "https://registry.npmjs.org/lodash/-/lodash-4.17.21.tgz",
      "integrity": "sha512-v2kDEe57lecTulaDIuNTPy3Ry4gLGJ6Z1O3vE1krgXZNrsQ+LFTGHVxVjcXPs17LhbZVGedAJv8XZ1tvj5FvSg=="
    },
    "snabbdom": {
      "version": "3.1.0",
      "resolved": "https://registry.npmjs.org/snabbdom/-/snabbdom-3.1.0.tgz",
      "integrity": "sha512-mcmPJMMKbkkPDPeCQ5D7RzqMHlLUyjl+OxOGblsutkzDbuYijCQGBOWJInjnWZ85DtoHdElrDTjA9g85s2YQ5Q=="
    }
  }
}
